{
    "version": 3,
    "terraform_version": "0.11.8",
    "serial": 5,
    "lineage": "54c09e0a-2d52-070f-d2eb-2bc86e21b599",
    "modules": [
        {
            "path": [
                "root"
            ],
            "outputs": {},
            "resources": {
                "heroku_addon.db_ci": {
                    "type": "heroku_addon",
                    "depends_on": [
                        "heroku_app.ci"
                    ],
                    "primary": {
                        "id": "6e3d7620-ab04-466d-9d53-9718491199d0",
                        "attributes": {
                            "app": "devops-pgr301-app-ci",
                            "config_vars.#": "1",
                            "config_vars.0": "DATABASE_URL",
                            "id": "6e3d7620-ab04-466d-9d53-9718491199d0",
                            "name": "postgresql-lively-13086",
                            "plan": "heroku-postgresql:hobby-dev",
                            "provider_id": "15597314"
                        },
                        "meta": {
                            "schema_version": "1"
                        },
                        "tainted": false
                    },
                    "deposed": [],
                    "provider": "provider.heroku"
                },
                "heroku_addon.db_prod": {
                    "type": "heroku_addon",
                    "depends_on": [
                        "heroku_app.production"
                    ],
                    "primary": {
                        "id": "b4b277b0-9f75-47aa-880a-0e21bb6cfe4f",
                        "attributes": {
                            "app": "devops-pgr301-app-production",
                            "config_vars.#": "1",
                            "config_vars.0": "DATABASE_URL",
                            "id": "b4b277b0-9f75-47aa-880a-0e21bb6cfe4f",
                            "name": "postgresql-shallow-80551",
                            "plan": "heroku-postgresql:hobby-dev",
                            "provider_id": "15597315"
                        },
                        "meta": {
                            "schema_version": "1"
                        },
                        "tainted": false
                    },
                    "deposed": [],
                    "provider": "provider.heroku"
                },
                "heroku_addon.db_stage": {
                    "type": "heroku_addon",
                    "depends_on": [
                        "heroku_app.staging"
                    ],
                    "primary": {
                        "id": "959a2388-33b2-41d6-95e7-2e135182c81d",
                        "attributes": {
                            "app": "devops-pgr301-app-staging",
                            "config_vars.#": "1",
                            "config_vars.0": "DATABASE_URL",
                            "id": "959a2388-33b2-41d6-95e7-2e135182c81d",
                            "name": "postgresql-closed-20139",
                            "plan": "heroku-postgresql:hobby-dev",
                            "provider_id": "15597352"
                        },
                        "meta": {
                            "schema_version": "1"
                        },
                        "tainted": false
                    },
                    "deposed": [],
                    "provider": "provider.heroku"
                },
                "heroku_app.ci": {
                    "type": "heroku_app",
                    "depends_on": [],
                    "primary": {
                        "id": "devops-pgr301-app-ci",
                        "attributes": {
                            "acm": "false",
                            "all_config_vars.%": "1",
                            "all_config_vars.DATABASE_URL": "postgres://trzbkgiqbufaqw:92f55221271a1b6306f79d31f52fca425e9c40d5c0cf281245584bab962ffc23@ec2-54-246-85-234.eu-west-1.compute.amazonaws.com:5432/ddotashfn4n6f1",
                            "config_vars.#": "0",
                            "git_url": "https://git.heroku.com/devops-pgr301-app-ci.git",
                            "heroku_hostname": "devops-pgr301-app-ci.herokuapp.com",
                            "id": "devops-pgr301-app-ci",
                            "internal_routing": "false",
                            "name": "devops-pgr301-app-ci",
                            "region": "eu",
                            "stack": "heroku-18",
                            "uuid": "6471e4cb-daa5-4c23-9a35-48e6e7fc7fab",
                            "web_url": "https://devops-pgr301-app-ci.herokuapp.com/"
                        },
                        "meta": {},
                        "tainted": false
                    },
                    "deposed": [],
                    "provider": "provider.heroku"
                },
                "heroku_app.production": {
                    "type": "heroku_app",
                    "depends_on": [],
                    "primary": {
                        "id": "devops-pgr301-app-production",
                        "attributes": {
                            "acm": "false",
                            "all_config_vars.%": "1",
                            "all_config_vars.DATABASE_URL": "postgres://zrrwgfxmkfqlpy:b50688453aaa875bb7b809befa95ec7e2ee5b96d8cc7dce47abeff14268d0a96@ec2-54-246-85-234.eu-west-1.compute.amazonaws.com:5432/d6t1tdfa92vjos",
                            "config_vars.#": "0",
                            "git_url": "https://git.heroku.com/devops-pgr301-app-production.git",
                            "heroku_hostname": "devops-pgr301-app-production.herokuapp.com",
                            "id": "devops-pgr301-app-production",
                            "internal_routing": "false",
                            "name": "devops-pgr301-app-production",
                            "region": "eu",
                            "stack": "heroku-18",
                            "uuid": "47e3b748-eb37-41bd-81e2-6d9576bcf357",
                            "web_url": "https://devops-pgr301-app-production.herokuapp.com/"
                        },
                        "meta": {},
                        "tainted": false
                    },
                    "deposed": [],
                    "provider": "provider.heroku"
                },
                "heroku_app.staging": {
                    "type": "heroku_app",
                    "depends_on": [],
                    "primary": {
                        "id": "devops-pgr301-app-staging",
                        "attributes": {
                            "acm": "false",
                            "all_config_vars.%": "1",
                            "all_config_vars.DATABASE_URL": "postgres://zdfsnznqxfswcf:5fbd26bf56428283b30d43b9050bd7a0ad2ef8ec95067b144eef7ae1ff7ca92c@ec2-54-246-117-62.eu-west-1.compute.amazonaws.com:5432/d5q9u4qnil37q4",
                            "config_vars.#": "0",
                            "git_url": "https://git.heroku.com/devops-pgr301-app-staging.git",
                            "heroku_hostname": "devops-pgr301-app-staging.herokuapp.com",
                            "id": "devops-pgr301-app-staging",
                            "internal_routing": "false",
                            "name": "devops-pgr301-app-staging",
                            "region": "eu",
                            "stack": "heroku-18",
                            "uuid": "31861c69-036c-418b-8cff-bd3476b8bd40",
                            "web_url": "https://devops-pgr301-app-staging.herokuapp.com/"
                        },
                        "meta": {},
                        "tainted": false
                    },
                    "deposed": [],
                    "provider": "provider.heroku"
                },
                "heroku_pipeline.test-app": {
                    "type": "heroku_pipeline",
                    "depends_on": [],
                    "primary": {
                        "id": "448a23a0-75a8-4c6b-b93d-5fa8c717043e",
                        "attributes": {
                            "id": "448a23a0-75a8-4c6b-b93d-5fa8c717043e",
                            "name": "devops-pgr301-demo"
                        },
                        "meta": {},
                        "tainted": false
                    },
                    "deposed": [],
                    "provider": "provider.heroku"
                },
                "heroku_pipeline_coupling.ci": {
                    "type": "heroku_pipeline_coupling",
                    "depends_on": [
                        "heroku_app.ci",
                        "heroku_pipeline.test-app"
                    ],
                    "primary": {
                        "id": "2e523593-b980-4e47-8c73-9dd67186de50",
                        "attributes": {
                            "app": "devops-pgr301-app-ci",
                            "app_id": "6471e4cb-daa5-4c23-9a35-48e6e7fc7fab",
                            "id": "2e523593-b980-4e47-8c73-9dd67186de50",
                            "pipeline": "448a23a0-75a8-4c6b-b93d-5fa8c717043e",
                            "stage": "development"
                        },
                        "meta": {},
                        "tainted": false
                    },
                    "deposed": [],
                    "provider": "provider.heroku"
                },
                "heroku_pipeline_coupling.production": {
                    "type": "heroku_pipeline_coupling",
                    "depends_on": [
                        "heroku_app.production",
                        "heroku_pipeline.test-app"
                    ],
                    "primary": {
                        "id": "d167a2e6-1c64-4450-bb93-33bb46d81ee8",
                        "attributes": {
                            "app": "devops-pgr301-app-production",
                            "app_id": "47e3b748-eb37-41bd-81e2-6d9576bcf357",
                            "id": "d167a2e6-1c64-4450-bb93-33bb46d81ee8",
                            "pipeline": "448a23a0-75a8-4c6b-b93d-5fa8c717043e",
                            "stage": "production"
                        },
                        "meta": {},
                        "tainted": false
                    },
                    "deposed": [],
                    "provider": "provider.heroku"
                },
                "heroku_pipeline_coupling.staging": {
                    "type": "heroku_pipeline_coupling",
                    "depends_on": [
                        "heroku_app.staging",
                        "heroku_pipeline.test-app"
                    ],
                    "primary": {
                        "id": "026edfc4-2a9a-4cc3-a4e8-238cb402bb95",
                        "attributes": {
                            "app": "devops-pgr301-app-staging",
                            "app_id": "31861c69-036c-418b-8cff-bd3476b8bd40",
                            "id": "026edfc4-2a9a-4cc3-a4e8-238cb402bb95",
                            "pipeline": "448a23a0-75a8-4c6b-b93d-5fa8c717043e",
                            "stage": "staging"
                        },
                        "meta": {},
                        "tainted": false
                    },
                    "deposed": [],
                    "provider": "provider.heroku"
                },
                "statuscake_test.ci": {
                    "type": "statuscake_test",
                    "depends_on": [
                        "heroku_app.ci"
                    ],
                    "primary": {
                        "id": "3662437",
                        "attributes": {
                            "check_rate": "300",
                            "confirmations": "0",
                            "contact_id": "0",
                            "custom_header": "",
                            "do_not_find": "false",
                            "final_endpoint": "",
                            "find_string": "",
                            "follow_redirect": "false",
                            "id": "3662437",
                            "logo_image": "",
                            "node_locations.#": "0",
                            "paused": "false",
                            "port": "0",
                            "post_raw": "",
                            "status": "Down",
                            "status_codes": "",
                            "test_id": "3662437",
                            "test_type": "HTTP",
                            "timeout": "40",
                            "trigger_rate": "5",
                            "uptime": "0",
                            "use_jar": "0",
                            "website_name": "devops-pgr301-app-ci",
                            "website_url": "https://devops-pgr301-app-ci.herokuapp.com/"
                        },
                        "meta": {},
                        "tainted": false
                    },
                    "deposed": [],
                    "provider": "provider.statuscake"
                },
                "statuscake_test.production": {
                    "type": "statuscake_test",
                    "depends_on": [
                        "heroku_app.production"
                    ],
                    "primary": {
                        "id": "3662438",
                        "attributes": {
                            "check_rate": "300",
                            "confirmations": "0",
                            "contact_id": "0",
                            "custom_header": "",
                            "do_not_find": "false",
                            "final_endpoint": "",
                            "find_string": "",
                            "follow_redirect": "false",
                            "id": "3662438",
                            "logo_image": "",
                            "node_locations.#": "0",
                            "paused": "false",
                            "port": "0",
                            "post_raw": "",
                            "status": "Down",
                            "status_codes": "",
                            "test_id": "3662438",
                            "test_type": "HTTP",
                            "timeout": "40",
                            "trigger_rate": "5",
                            "uptime": "0",
                            "use_jar": "0",
                            "website_name": "devops-pgr301-app-production",
                            "website_url": "https://devops-pgr301-app-production.herokuapp.com/"
                        },
                        "meta": {},
                        "tainted": false
                    },
                    "deposed": [],
                    "provider": "provider.statuscake"
                },
                "statuscake_test.stage": {
                    "type": "statuscake_test",
                    "depends_on": [
                        "heroku_app.staging"
                    ],
                    "primary": {
                        "id": "3662443",
                        "attributes": {
                            "check_rate": "300",
                            "confirmations": "0",
                            "contact_id": "0",
                            "custom_header": "",
                            "do_not_find": "false",
                            "final_endpoint": "",
                            "find_string": "",
                            "follow_redirect": "false",
                            "id": "3662443",
                            "logo_image": "",
                            "node_locations.#": "0",
                            "paused": "false",
                            "port": "0",
                            "post_raw": "",
                            "status": "Down",
                            "status_codes": "",
                            "test_id": "3662443",
                            "test_type": "HTTP",
                            "timeout": "40",
                            "trigger_rate": "5",
                            "uptime": "0",
                            "use_jar": "0",
                            "website_name": "devops-pgr301-app-staging",
                            "website_url": "https://devops-pgr301-app-staging.herokuapp.com/"
                        },
                        "meta": {},
                        "tainted": false
                    },
                    "deposed": [],
                    "provider": "provider.statuscake"
                }
            },
            "depends_on": []
        }
    ]
}
